
Microsoft Visual Studio Solution File, Format Version 12.00
# Visual Studio Version 16
VisualStudioVersion = 16.0.29926.136
MinimumVisualStudioVersion = 10.0.40219.1
Project("{FAE04EC0-301F-11D3-BF4B-00C04F79EFBC}") = "Cond. Control", "Projeto 2º Semestre\Cond. Control.csproj", "{70E1241C-531F-4665-A583-42C36D3030D6}"
EndProject
Global
	GlobalSection(SolutionConfigurationPlatforms) = preSolution
		Debug|Any CPU = Debug|Any CPU
		Release|Any CPU = Release|Any CPU
	EndGlobalSection
	GlobalSection(ProjectConfigurationPlatforms) = postSolution
		{70E1241C-531F-4665-A583-42C36D3030D6}.Debug|Any CPU.ActiveCfg = Debug|Any CPU
		{70E1241C-531F-4665-A583-42C36D3030D6}.Debug|Any CPU.Build.0 = Debug|Any CPU
		{70E1241C-531F-4665-A583-42C36D3030D6}.Release|Any CPU.ActiveCfg = Release|Any CPU
		{70E1241C-531F-4665-A583-42C36D3030D6}.Release|Any CPU.Build.0 = Release|Any CPU
	EndGlobalSection
	GlobalSection(SolutionProperties) = preSolution
		HideSolutionNode = FALSE
	EndGlobalSection
	GlobalSection(ExtensibilityGlobals) = postSolution
		SolutionGuid = {AADDBD10-D4DC-499B-ADBC-2B75FBD44B97}
	EndGlobalSection
EndGlobal
